
Microsoft Visual Studio Solution File, Format Version 12.00
# Visual Studio Version 16
VisualStudioVersion = 16.0.30621.155
MinimumVisualStudioVersion = 10.0.40219.1
Project("{FAE04EC0-301F-11D3-BF4B-00C04F79EFBC}") = "Misaka-Anime-Player", "Misaka-Anime-Player\Misaka-Anime-Player.csproj", "{7376C339-38D1-4EA7-A304-23F10635C69C}"
EndProject
Global
	GlobalSection(SolutionConfigurationPlatforms) = preSolution
		Debug|Any CPU = Debug|Any CPU
		Release|Any CPU = Release|Any CPU
	EndGlobalSection
	GlobalSection(ProjectConfigurationPlatforms) = postSolution
		{7376C339-38D1-4EA7-A304-23F10635C69C}.Debug|Any CPU.ActiveCfg = Debug|Any CPU
		{7376C339-38D1-4EA7-A304-23F10635C69C}.Debug|Any CPU.Build.0 = Debug|Any CPU
		{7376C339-38D1-4EA7-A304-23F10635C69C}.Release|Any CPU.ActiveCfg = Release|Any CPU
		{7376C339-38D1-4EA7-A304-23F10635C69C}.Release|Any CPU.Build.0 = Release|Any CPU
	EndGlobalSection
	GlobalSection(SolutionProperties) = preSolution
		HideSolutionNode = FALSE
	EndGlobalSection
	GlobalSection(ExtensibilityGlobals) = postSolution
		SolutionGuid = {1A501C08-1C49-4576-9C56-3E36BE6FFDF0}
	EndGlobalSection
EndGlobal
